
Microsoft Visual Studio Solution File, Format Version 12.00
# Visual Studio Version 17
VisualStudioVersion = 17.7.34031.279
MinimumVisualStudioVersion = 10.0.40219.1
Project("{FAE04EC0-301F-11D3-BF4B-00C04F79EFBC}") = "SCP.Api", "SCP.Api\SCP.Api.csproj", "{EDD2250A-72BB-4FDB-9A9B-93DD1B0BD8BB}"
EndProject
Project("{FAE04EC0-301F-11D3-BF4B-00C04F79EFBC}") = "SCP.Domain", "SCP.Domain\SCP.Domain.csproj", "{EDFC0946-D0F5-41BF-A2D6-B6A22FBB3665}"
EndProject
Project("{FAE04EC0-301F-11D3-BF4B-00C04F79EFBC}") = "SCP.Application", "SCP.Application\SCP.Application.csproj", "{3A03B04D-7E61-4AFE-A60C-35FD3810E758}"
EndProject
Project("{FAE04EC0-301F-11D3-BF4B-00C04F79EFBC}") = "SCP.Test", "SCP.Test\SCP.Test.csproj", "{B4781814-4E5A-4E96-95A1-AE65BD7BD3C2}"
EndProject
Project("{FAE04EC0-301F-11D3-BF4B-00C04F79EFBC}") = "SCP.DAL", "SCP.DAL\SCP.DAL.csproj", "{A0A3298B-47C0-4304-87D0-CE7EAD4B1868}"
EndProject
Global
	GlobalSection(SolutionConfigurationPlatforms) = preSolution
		Debug|Any CPU = Debug|Any CPU
		Release|Any CPU = Release|Any CPU
	EndGlobalSection
	GlobalSection(ProjectConfigurationPlatforms) = postSolution
		{EDD2250A-72BB-4FDB-9A9B-93DD1B0BD8BB}.Debug|Any CPU.ActiveCfg = Debug|Any CPU
		{EDD2250A-72BB-4FDB-9A9B-93DD1B0BD8BB}.Debug|Any CPU.Build.0 = Debug|Any CPU
		{EDD2250A-72BB-4FDB-9A9B-93DD1B0BD8BB}.Release|Any CPU.ActiveCfg = Release|Any CPU
		{EDD2250A-72BB-4FDB-9A9B-93DD1B0BD8BB}.Release|Any CPU.Build.0 = Release|Any CPU
		{EDFC0946-D0F5-41BF-A2D6-B6A22FBB3665}.Debug|Any CPU.ActiveCfg = Debug|Any CPU
		{EDFC0946-D0F5-41BF-A2D6-B6A22FBB3665}.Debug|Any CPU.Build.0 = Debug|Any CPU
		{EDFC0946-D0F5-41BF-A2D6-B6A22FBB3665}.Release|Any CPU.ActiveCfg = Release|Any CPU
		{EDFC0946-D0F5-41BF-A2D6-B6A22FBB3665}.Release|Any CPU.Build.0 = Release|Any CPU
		{3A03B04D-7E61-4AFE-A60C-35FD3810E758}.Debug|Any CPU.ActiveCfg = Debug|Any CPU
		{3A03B04D-7E61-4AFE-A60C-35FD3810E758}.Debug|Any CPU.Build.0 = Debug|Any CPU
		{3A03B04D-7E61-4AFE-A60C-35FD3810E758}.Release|Any CPU.ActiveCfg = Release|Any CPU
		{3A03B04D-7E61-4AFE-A60C-35FD3810E758}.Release|Any CPU.Build.0 = Release|Any CPU
		{B4781814-4E5A-4E96-95A1-AE65BD7BD3C2}.Debug|Any CPU.ActiveCfg = Debug|Any CPU
		{B4781814-4E5A-4E96-95A1-AE65BD7BD3C2}.Debug|Any CPU.Build.0 = Debug|Any CPU
		{B4781814-4E5A-4E96-95A1-AE65BD7BD3C2}.Release|Any CPU.ActiveCfg = Release|Any CPU
		{B4781814-4E5A-4E96-95A1-AE65BD7BD3C2}.Release|Any CPU.Build.0 = Release|Any CPU
		{A0A3298B-47C0-4304-87D0-CE7EAD4B1868}.Debug|Any CPU.ActiveCfg = Debug|Any CPU
		{A0A3298B-47C0-4304-87D0-CE7EAD4B1868}.Debug|Any CPU.Build.0 = Debug|Any CPU
		{A0A3298B-47C0-4304-87D0-CE7EAD4B1868}.Release|Any CPU.ActiveCfg = Release|Any CPU
		{A0A3298B-47C0-4304-87D0-CE7EAD4B1868}.Release|Any CPU.Build.0 = Release|Any CPU
	EndGlobalSection
	GlobalSection(SolutionProperties) = preSolution
		HideSolutionNode = FALSE
	EndGlobalSection
	GlobalSection(ExtensibilityGlobals) = postSolution
		SolutionGuid = {BC5C0F6D-13C7-41B4-9FFE-1A4F4DAED077}
	EndGlobalSection
EndGlobal
